
Microsoft Visual Studio Solution File, Format Version 12.00
# Visual Studio Version 16
VisualStudioVersion = 16.0.29123.88
MinimumVisualStudioVersion = 10.0.40219.1
Project("{FAE04EC0-301F-11D3-BF4B-00C04F79EFBC}") = "Blog-Nashtech-backend", "Blog-Nashtech-backend\Blog-Nashtech-backend.csproj", "{55D8C3B4-3AD6-4106-96F3-3326152EB056}"
EndProject
Global
	GlobalSection(SolutionConfigurationPlatforms) = preSolution
		Debug|Any CPU = Debug|Any CPU
		Release|Any CPU = Release|Any CPU
	EndGlobalSection
	GlobalSection(ProjectConfigurationPlatforms) = postSolution
		{55D8C3B4-3AD6-4106-96F3-3326152EB056}.Debug|Any CPU.ActiveCfg = Debug|Any CPU
		{55D8C3B4-3AD6-4106-96F3-3326152EB056}.Debug|Any CPU.Build.0 = Debug|Any CPU
		{55D8C3B4-3AD6-4106-96F3-3326152EB056}.Release|Any CPU.ActiveCfg = Release|Any CPU
		{55D8C3B4-3AD6-4106-96F3-3326152EB056}.Release|Any CPU.Build.0 = Release|Any CPU
	EndGlobalSection
	GlobalSection(SolutionProperties) = preSolution
		HideSolutionNode = FALSE
	EndGlobalSection
	GlobalSection(ExtensibilityGlobals) = postSolution
		SolutionGuid = {E3D04D81-D44E-4DB0-B97C-0EF63509E3C9}
	EndGlobalSection
EndGlobal
